
Microsoft Visual Studio Solution File, Format Version 12.00
# Visual Studio Version 17
VisualStudioVersion = 17.0.31903.59
MinimumVisualStudioVersion = 10.0.40219.1
Project("{FAE04EC0-301F-11D3-BF4B-00C04F79EFBC}") = "SomeeDeps.Web", "SomeeDeps.Web\SomeeDeps.Web.csproj", "{550C2592-3AEF-4514-97AE-ECE810CB3AB7}"
EndProject
Project("{FAE04EC0-301F-11D3-BF4B-00C04F79EFBC}") = "SomeeDeps.Infrastructure", "SomeeDeps.Infrastructure\SomeeDeps.Infrastructure.csproj", "{55BAB444-2926-4346-A400-1ADD73F9CF3A}"
EndProject
Global
	GlobalSection(SolutionConfigurationPlatforms) = preSolution
		Debug|Any CPU = Debug|Any CPU
		Release|Any CPU = Release|Any CPU
	EndGlobalSection
	GlobalSection(SolutionProperties) = preSolution
		HideSolutionNode = FALSE
	EndGlobalSection
	GlobalSection(ProjectConfigurationPlatforms) = postSolution
		{550C2592-3AEF-4514-97AE-ECE810CB3AB7}.Debug|Any CPU.ActiveCfg = Debug|Any CPU
		{550C2592-3AEF-4514-97AE-ECE810CB3AB7}.Debug|Any CPU.Build.0 = Debug|Any CPU
		{550C2592-3AEF-4514-97AE-ECE810CB3AB7}.Release|Any CPU.ActiveCfg = Release|Any CPU
		{550C2592-3AEF-4514-97AE-ECE810CB3AB7}.Release|Any CPU.Build.0 = Release|Any CPU
		{55BAB444-2926-4346-A400-1ADD73F9CF3A}.Debug|Any CPU.ActiveCfg = Debug|Any CPU
		{55BAB444-2926-4346-A400-1ADD73F9CF3A}.Debug|Any CPU.Build.0 = Debug|Any CPU
		{55BAB444-2926-4346-A400-1ADD73F9CF3A}.Release|Any CPU.ActiveCfg = Release|Any CPU
		{55BAB444-2926-4346-A400-1ADD73F9CF3A}.Release|Any CPU.Build.0 = Release|Any CPU
	EndGlobalSection
EndGlobal
